
Microsoft Visual Studio Solution File, Format Version 12.00
# Visual Studio Version 16
VisualStudioVersion = 16.0.29306.81
MinimumVisualStudioVersion = 10.0.40219.1
Project("{FAE04EC0-301F-11D3-BF4B-00C04F79EFBC}") = "voiceai", "voiceai.csproj", "{289D373F-E6D6-4AAF-A2F7-6EAAB3DB9EB0}"
EndProject
Global
	GlobalSection(SolutionConfigurationPlatforms) = preSolution
		Debug|Any CPU = Debug|Any CPU
		Release|Any CPU = Release|Any CPU
	EndGlobalSection
	GlobalSection(ProjectConfigurationPlatforms) = postSolution
		{289D373F-E6D6-4AAF-A2F7-6EAAB3DB9EB0}.Debug|Any CPU.ActiveCfg = Debug|Any CPU
		{289D373F-E6D6-4AAF-A2F7-6EAAB3DB9EB0}.Debug|Any CPU.Build.0 = Debug|Any CPU
		{289D373F-E6D6-4AAF-A2F7-6EAAB3DB9EB0}.Release|Any CPU.ActiveCfg = Release|Any CPU
		{289D373F-E6D6-4AAF-A2F7-6EAAB3DB9EB0}.Release|Any CPU.Build.0 = Release|Any CPU
	EndGlobalSection
	GlobalSection(SolutionProperties) = preSolution
		HideSolutionNode = FALSE
	EndGlobalSection
	GlobalSection(ExtensibilityGlobals) = postSolution
		SolutionGuid = {655D8FF9-3091-4808-8C22-7B0CEA147A17}
	EndGlobalSection
EndGlobal
